{
  "name": "plugin",
  "version": "1.0.0",
  "lockfileVersion": 3,
  "requires": true,
  "packages": {
    "": {
      "name": "plugin",
      "version": "1.0.0",
      "license": "ISC",
      "dependencies": {
        "@evenrealities/even_hub_sdk": "^0.0.9"
      }
    },
    "node_modules/@evenrealities/even_hub_sdk": {
      "version": "0.0.9",
      "resolved": "https://registry.npmjs.org/@evenrealities/even_hub_sdk/-/even_hub_sdk-0.0.9.tgz",
      "integrity": "sha512-LlqqX1sp3sgBs86DSZs5J4nzTnoAV0ZHwcEo1xtOB9cGSrrgNv+6wMiVmR4CfynVeT5NJs/xE3hwO0Hvep17mg==",
      "license": "MIT",
      "engines": {
        "node": "^20.0.0 || >=22.0.0"
      }
    }
  }
}
